// !$*UTF8*$!
{
	archiveVersion = 1;
	classes = {
	};
	objectVersion = 46;
	objects = {

/* Begin PBXBuildFile section */
		52971A37180D875000933E35 /* sin_2330Hz_10s.wav in Resources */ = {isa = PBXBuildFile; fileRef = 52971A36180D875000933E35 /* sin_2330Hz_10s.wav */; };
		52D0E562180C6EBA004CBAC3 /* Foundation.framework in Frameworks */ = {isa = PBXBuildFile; fileRef = 52D0E561180C6EBA004CBAC3 /* Foundation.framework */; };
		52D0E564180C6EBA004CBAC3 /* CoreGraphics.framework in Frameworks */ = {isa = PBXBuildFile; fileRef = 52D0E563180C6EBA004CBAC3 /* CoreGraphics.framework */; };
		52D0E566180C6EBA004CBAC3 /* UIKit.framework in Frameworks */ = {isa = PBXBuildFile; fileRef = 52D0E565180C6EBA004CBAC3 /* UIKit.framework */; };
		52D0E56C180C6EBA004CBAC3 /* InfoPlist.strings in Resources */ = {isa = PBXBuildFile; fileRef = 52D0E56A180C6EBA004CBAC3 /* InfoPlist.strings */; };
		52D0E56E180C6EBA004CBAC3 /* main.m in Sources */ = {isa = PBXBuildFile; fileRef = 52D0E56D180C6EBA004CBAC3 /* main.m */; };
		52D0E572180C6EBA004CBAC3 /* CMLAppDelegate.m in Sources */ = {isa = PBXBuildFile; fileRef = 52D0E571180C6EBA004CBAC3 /* CMLAppDelegate.m */; };
		52D0E575180C6EBA004CBAC3 /* Main.storyboard in Resources */ = {isa = PBXBuildFile; fileRef = 52D0E573180C6EBA004CBAC3 /* Main.storyboard */; };
		52D0E578180C6EBA004CBAC3 /* CMLViewController.m in Sources */ = {isa = PBXBuildFile; fileRef = 52D0E577180C6EBA004CBAC3 /* CMLViewController.m */; };
		52D0E57A180C6EBA004CBAC3 /* Images.xcassets in Resources */ = {isa = PBXBuildFile; fileRef = 52D0E579180C6EBA004CBAC3 /* Images.xcassets */; };
		52D0E581180C6EBB004CBAC3 /* XCTest.framework in Frameworks */ = {isa = PBXBuildFile; fileRef = 52D0E580180C6EBB004CBAC3 /* XCTest.framework */; };
		52D0E582180C6EBB004CBAC3 /* Foundation.framework in Frameworks */ = {isa = PBXBuildFile; fileRef = 52D0E561180C6EBA004CBAC3 /* Foundation.framework */; };
		52D0E583180C6EBB004CBAC3 /* UIKit.framework in Frameworks */ = {isa = PBXBuildFile; fileRef = 52D0E565180C6EBA004CBAC3 /* UIKit.framework */; };
		52D0E58B180C6EBB004CBAC3 /* InfoPlist.strings in Resources */ = {isa = PBXBuildFile; fileRef = 52D0E589180C6EBB004CBAC3 /* InfoPlist.strings */; };
		52D0E58D180C6EBB004CBAC3 /* Volume_TestingTests.m in Sources */ = {isa = PBXBuildFile; fileRef = 52D0E58C180C6EBB004CBAC3 /* Volume_TestingTests.m */; };
		52D0E597180C702E004CBAC3 /* MediaPlayer.framework in Frameworks */ = {isa = PBXBuildFile; fileRef = 52D0E596180C702E004CBAC3 /* MediaPlayer.framework */; };
		52D0E59B180C731A004CBAC3 /* sin_2330Hz_0.5s.wav in Resources */ = {isa = PBXBuildFile; fileRef = 52D0E59A180C731A004CBAC3 /* sin_2330Hz_0.5s.wav */; };
/* End PBXBuildFile section */

/* Begin PBXContainerItemProxy section */
		52D0E584180C6EBB004CBAC3 /* PBXContainerItemProxy */ = {
			isa = PBXContainerItemProxy;
			containerPortal = 52D0E556180C6EBA004CBAC3 /* Project object */;
			proxyType = 1;
			remoteGlobalIDString = 52D0E55D180C6EBA004CBAC3;
			remoteInfo = "Volume Testing";
		};
/* End PBXContainerItemProxy section */

/* Begin PBXFileReference section */
		52971A36180D875000933E35 /* sin_2330Hz_10s.wav */ = {isa = PBXFileReference; lastKnownFileType = audio.wav; path = sin_2330Hz_10s.wav; sourceTree = "<group>"; };
		52D0E55E180C6EBA004CBAC3 /* Volume Testing.app */ = {isa = PBXFileReference; explicitFileType = wrapper.application; includeInIndex = 0; path = "Volume Testing.app"; sourceTree = BUILT_PRODUCTS_DIR; };
		52D0E561180C6EBA004CBAC3 /* Foundation.framework */ = {isa = PBXFileReference; lastKnownFileType = wrapper.framework; name = Foundation.framework; path = System/Library/Frameworks/Foundation.framework; sourceTree = SDKROOT; };
		52D0E563180C6EBA004CBAC3 /* CoreGraphics.framework */ = {isa = PBXFileReference; lastKnownFileType = wrapper.framework; name = CoreGraphics.framework; path = System/Library/Frameworks/CoreGraphics.framework; sourceTree = SDKROOT; };
		52D0E565180C6EBA004CBAC3 /* UIKit.framework */ = {isa = PBXFileReference; lastKnownFileType = wrapper.framework; name = UIKit.framework; path = System/Library/Frameworks/UIKit.framework; sourceTree = SDKROOT; };
		52D0E569180C6EBA004CBAC3 /* Volume Testing-Info.plist */ = {isa = PBXFileReference; lastKnownFileType = text.plist.xml; path = "Volume Testing-Info.plist"; sourceTree = "<group>"; };
		52D0E56B180C6EBA004CBAC3 /* en */ = {isa = PBXFileReference; lastKnownFileType = text.plist.strings; name = en; path = en.lproj/InfoPlist.strings; sourceTree = "<group>"; };
		52D0E56D180C6EBA004CBAC3 /* main.m */ = {isa = PBXFileReference; lastKnownFileType = sourcecode.c.objc; path = main.m; sourceTree = "<group>"; };
		52D0E56F180C6EBA004CBAC3 /* Volume Testing-Prefix.pch */ = {isa = PBXFileReference; lastKnownFileType = sourcecode.c.h; path = "Volume Testing-Prefix.pch"; sourceTree = "<group>"; };
		52D0E570180C6EBA004CBAC3 /* CMLAppDelegate.h */ = {isa = PBXFileReference; lastKnownFileType = sourcecode.c.h; path = CMLAppDelegate.h; sourceTree = "<group>"; };
		52D0E571180C6EBA004CBAC3 /* CMLAppDelegate.m */ = {isa = PBXFileReference; lastKnownFileType = sourcecode.c.objc; path = CMLAppDelegate.m; sourceTree = "<group>"; };
		52D0E574180C6EBA004CBAC3 /* Base */ = {isa = PBXFileReference; lastKnownFileType = file.storyboard; name = Base; path = Base.lproj/Main.storyboard; sourceTree = "<group>"; };
		52D0E576180C6EBA004CBAC3 /* CMLViewController.h */ = {isa = PBXFileReference; lastKnownFileType = sourcecode.c.h; path = CMLViewController.h; sourceTree = "<group>"; };
		52D0E577180C6EBA004CBAC3 /* CMLViewController.m */ = {isa = PBXFileReference; lastKnownFileType = sourcecode.c.objc; path = CMLViewController.m; sourceTree = "<group>"; };
		52D0E579180C6EBA004CBAC3 /* Images.xcassets */ = {isa = PBXFileReference; lastKnownFileType = folder.assetcatalog; path = Images.xcassets; sourceTree = "<group>"; };
		52D0E57F180C6EBB004CBAC3 /* Volume TestingTests.xctest */ = {isa = PBXFileReference; explicitFileType = wrapper.cfbundle; includeInIndex = 0; path = "Volume TestingTests.xctest"; sourceTree = BUILT_PRODUCTS_DIR; };
		52D0E580180C6EBB004CBAC3 /* XCTest.framework */ = {isa = PBXFileReference; lastKnownFileType = wrapper.framework; name = XCTest.framework; path = Library/Frameworks/XCTest.framework; sourceTree = DEVELOPER_DIR; };
		52D0E588180C6EBB004CBAC3 /* Volume TestingTests-Info.plist */ = {isa = PBXFileReference; lastKnownFileType = text.plist.xml; path = "Volume TestingTests-Info.plist"; sourceTree = "<group>"; };
		52D0E58A180C6EBB004CBAC3 /* en */ = {isa = PBXFileReference; lastKnownFileType = text.plist.strings; name = en; path = en.lproj/InfoPlist.strings; sourceTree = "<group>"; };
		52D0E58C180C6EBB004CBAC3 /* Volume_TestingTests.m */ = {isa = PBXFileReference; lastKnownFileType = sourcecode.c.objc; path = Volume_TestingTests.m; sourceTree = "<group>"; };
		52D0E596180C702E004CBAC3 /* MediaPlayer.framework */ = {isa = PBXFileReference; lastKnownFileType = wrapper.framework; name = MediaPlayer.framework; path = System/Library/Frameworks/MediaPlayer.framework; sourceTree = SDKROOT; };
		52D0E598180C713B004CBAC3 /* AudioToolbox.framework */ = {isa = PBXFileReference; lastKnownFileType = wrapper.framework; name = AudioToolbox.framework; path = System/Library/Frameworks/AudioToolbox.framework; sourceTree = SDKROOT; };
		52D0E59A180C731A004CBAC3 /* sin_2330Hz_0.5s.wav */ = {isa = PBXFileReference; lastKnownFileType = audio.wav; path = sin_2330Hz_0.5s.wav; sourceTree = "<group>"; };
/* End PBXFileReference section */

/* Begin PBXFrameworksBuildPhase section */
		52D0E55B180C6EBA004CBAC3 /* Frameworks */ = {
			isa = PBXFrameworksBuildPhase;
			buildActionMask = 2147483647;
			files = (
				52D0E597180C702E004CBAC3 /* MediaPlayer.framework in Frameworks */,
				52D0E564180C6EBA004CBAC3 /* CoreGraphics.framework in Frameworks */,
				52D0E566180C6EBA004CBAC3 /* UIKit.framework in Frameworks */,
				52D0E562180C6EBA004CBAC3 /* Foundation.framework in Frameworks */,
			);
			runOnlyForDeploymentPostprocessing = 0;
		};
		52D0E57C180C6EBB004CBAC3 /* Frameworks */ = {
			isa = PBXFrameworksBuildPhase;
			buildActionMask = 2147483647;
			files = (
				52D0E581180C6EBB004CBAC3 /* XCTest.framework in Frameworks */,
				52D0E583180C6EBB004CBAC3 /* UIKit.framework in Frameworks */,
				52D0E582180C6EBB004CBAC3 /* Foundation.framework in Frameworks */,
			);
			runOnlyForDeploymentPostprocessing = 0;
		};
/* End PBXFrameworksBuildPhase section */

/* Begin PBXGroup section */
		52D0E555180C6EBA004CBAC3 = {
			isa = PBXGroup;
			children = (
				52D0E567180C6EBA004CBAC3 /* Volume Testing */,
				52D0E586180C6EBB004CBAC3 /* Volume TestingTests */,
				52D0E560180C6EBA004CBAC3 /* Frameworks */,
				52D0E55F180C6EBA004CBAC3 /* Products */,
			);
			sourceTree = "<group>";
		};
		52D0E55F180C6EBA004CBAC3 /* Products */ = {
			isa = PBXGroup;
			children = (
				52D0E55E180C6EBA004CBAC3 /* Volume Testing.app */,
				52D0E57F180C6EBB004CBAC3 /* Volume TestingTests.xctest */,
			);
			name = Products;
			sourceTree = "<group>";
		};
		52D0E560180C6EBA004CBAC3 /* Frameworks */ = {
			isa = PBXGroup;
			children = (
				52D0E598180C713B004CBAC3 /* AudioToolbox.framework */,
				52D0E596180C702E004CBAC3 /* MediaPlayer.framework */,
				52D0E561180C6EBA004CBAC3 /* Foundation.framework */,
				52D0E563180C6EBA004CBAC3 /* CoreGraphics.framework */,
				52D0E565180C6EBA004CBAC3 /* UIKit.framework */,
				52D0E580180C6EBB004CBAC3 /* XCTest.framework */,
			);
			name = Frameworks;
			sourceTree = "<group>";
		};
		52D0E567180C6EBA004CBAC3 /* Volume Testing */ = {
			isa = PBXGroup;
			children = (
				52971A36180D875000933E35 /* sin_2330Hz_10s.wav */,
				52D0E59A180C731A004CBAC3 /* sin_2330Hz_0.5s.wav */,
				52D0E570180C6EBA004CBAC3 /* CMLAppDelegate.h */,
				52D0E571180C6EBA004CBAC3 /* CMLAppDelegate.m */,
				52D0E573180C6EBA004CBAC3 /* Main.storyboard */,
				52D0E576180C6EBA004CBAC3 /* CMLViewController.h */,
				52D0E577180C6EBA004CBAC3 /* CMLViewController.m */,
				52D0E579180C6EBA004CBAC3 /* Images.xcassets */,
				52D0E568180C6EBA004CBAC3 /* Supporting Files */,
			);
			path = "Volume Testing";
			sourceTree = "<group>";
		};
		52D0E568180C6EBA004CBAC3 /* Supporting Files */ = {
			isa = PBXGroup;
			children = (
				52D0E569180C6EBA004CBAC3 /* Volume Testing-Info.plist */,
				52D0E56A180C6EBA004CBAC3 /* InfoPlist.strings */,
				52D0E56D180C6EBA004CBAC3 /* main.m */,
				52D0E56F180C6EBA004CBAC3 /* Volume Testing-Prefix.pch */,
			);
			name = "Supporting Files";
			sourceTree = "<group>";
		};
		52D0E586180C6EBB004CBAC3 /* Volume TestingTests */ = {
			isa = PBXGroup;
			children = (
				52D0E58C180C6EBB004CBAC3 /* Volume_TestingTests.m */,
				52D0E587180C6EBB004CBAC3 /* Supporting Files */,
			);
			path = "Volume TestingTests";
			sourceTree = "<group>";
		};
		52D0E587180C6EBB004CBAC3 /* Supporting Files */ = {
			isa = PBXGroup;
			children = (
				52D0E588180C6EBB004CBAC3 /* Volume TestingTests-Info.plist */,
				52D0E589180C6EBB004CBAC3 /* InfoPlist.strings */,
			);
			name = "Supporting Files";
			sourceTree = "<group>";
		};
/* End PBXGroup section */

/* Begin PBXNativeTarget section */
		52D0E55D180C6EBA004CBAC3 /* Volume Testing */ = {
			isa = PBXNativeTarget;
			buildConfigurationList = 52D0E590180C6EBB004CBAC3 /* Build configuration list for PBXNativeTarget "Volume Testing" */;
			buildPhases = (
				52D0E55A180C6EBA004CBAC3 /* Sources */,
				52D0E55B180C6EBA004CBAC3 /* Frameworks */,
				52D0E55C180C6EBA004CBAC3 /* Resources */,
			);
			buildRules = (
			);
			dependencies = (
			);
			name = "Volume Testing";
			productName = "Volume Testing";
			productReference = 52D0E55E180C6EBA004CBAC3 /* Volume Testing.app */;
			productType = "com.apple.product-type.application";
		};
		52D0E57E180C6EBB004CBAC3 /* Volume TestingTests */ = {
			isa = PBXNativeTarget;
			buildConfigurationList = 52D0E593180C6EBB004CBAC3 /* Build configuration list for PBXNativeTarget "Volume TestingTests" */;
			buildPhases = (
				52D0E57B180C6EBB004CBAC3 /* Sources */,
				52D0E57C180C6EBB004CBAC3 /* Frameworks */,
				52D0E57D180C6EBB004CBAC3 /* Resources */,
			);
			buildRules = (
			);
			dependencies = (
				52D0E585180C6EBB004CBAC3 /* PBXTargetDependency */,
			);
			name = "Volume TestingTests";
			productName = "Volume TestingTests";
			productReference = 52D0E57F180C6EBB004CBAC3 /* Volume TestingTests.xctest */;
			productType = "com.apple.product-type.bundle.unit-test";
		};
/* End PBXNativeTarget section */

/* Begin PBXProject section */
		52D0E556180C6EBA004CBAC3 /* Project object */ = {
			isa = PBXProject;
			attributes = {
				CLASSPREFIX = CML;
				LastUpgradeCheck = 0500;
				ORGANIZATIONNAME = "Code Monkey Labs LLC";
				TargetAttributes = {
					52D0E57E180C6EBB004CBAC3 = {
						TestTargetID = 52D0E55D180C6EBA004CBAC3;
					};
				};
			};
			buildConfigurationList = 52D0E559180C6EBA004CBAC3 /* Build configuration list for PBXProject "Volume Testing" */;
			compatibilityVersion = "Xcode 3.2";
			developmentRegion = English;
			hasScannedForEncodings = 0;
			knownRegions = (
				en,
				Base,
			);
			mainGroup = 52D0E555180C6EBA004CBAC3;
			productRefGroup = 52D0E55F180C6EBA004CBAC3 /* Products */;
			projectDirPath = "";
			projectRoot = "";
			targets = (
				52D0E55D180C6EBA004CBAC3 /* Volume Testing */,
				52D0E57E180C6EBB004CBAC3 /* Volume TestingTests */,
			);
		};
/* End PBXProject section */

/* Begin PBXResourcesBuildPhase section */
		52D0E55C180C6EBA004CBAC3 /* Resources */ = {
			isa = PBXResourcesBuildPhase;
			buildActionMask = 2147483647;
			files = (
				52D0E57A180C6EBA004CBAC3 /* Images.xcassets in Resources */,
				52D0E56C180C6EBA004CBAC3 /* InfoPlist.strings in Resources */,
				52D0E575180C6EBA004CBAC3 /* Main.storyboard in Resources */,
				52D0E59B180C731A004CBAC3 /* sin_2330Hz_0.5s.wav in Resources */,
				52971A37180D875000933E35 /* sin_2330Hz_10s.wav in Resources */,
			);
			runOnlyForDeploymentPostprocessing = 0;
		};
		52D0E57D180C6EBB004CBAC3 /* Resources */ = {
			isa = PBXResourcesBuildPhase;
			buildActionMask = 2147483647;
			files = (
				52D0E58B180C6EBB004CBAC3 /* InfoPlist.strings in Resources */,
			);
			runOnlyForDeploymentPostprocessing = 0;
		};
/* End PBXResourcesBuildPhase section */

/* Begin PBXSourcesBuildPhase section */
		52D0E55A180C6EBA004CBAC3 /* Sources */ = {
			isa = PBXSourcesBuildPhase;
			buildActionMask = 2147483647;
			files = (
				52D0E56E180C6EBA004CBAC3 /* main.m in Sources */,
				52D0E572180C6EBA004CBAC3 /* CMLAppDelegate.m in Sources */,
				52D0E578180C6EBA004CBAC3 /* CMLViewController.m in Sources */,
			);
			runOnlyForDeploymentPostprocessing = 0;
		};
		52D0E57B180C6EBB004CBAC3 /* Sources */ = {
			isa = PBXSourcesBuildPhase;
			buildActionMask = 2147483647;
			files = (
				52D0E58D180C6EBB004CBAC3 /* Volume_TestingTests.m in Sources */,
			);
			runOnlyForDeploymentPostprocessing = 0;
		};
/* End PBXSourcesBuildPhase section */

/* Begin PBXTargetDependency section */
		52D0E585180C6EBB004CBAC3 /* PBXTargetDependency */ = {
			isa = PBXTargetDependency;
			target = 52D0E55D180C6EBA004CBAC3 /* Volume Testing */;
			targetProxy = 52D0E584180C6EBB004CBAC3 /* PBXContainerItemProxy */;
		};
/* End PBXTargetDependency section */

/* Begin PBXVariantGroup section */
		52D0E56A180C6EBA004CBAC3 /* InfoPlist.strings */ = {
			isa = PBXVariantGroup;
			children = (
				52D0E56B180C6EBA004CBAC3 /* en */,
			);
			name = InfoPlist.strings;
			sourceTree = "<group>";
		};
		52D0E573180C6EBA004CBAC3 /* Main.storyboard */ = {
			isa = PBXVariantGroup;
			children = (
				52D0E574180C6EBA004CBAC3 /* Base */,
			);
			name = Main.storyboard;
			sourceTree = "<group>";
		};
		52D0E589180C6EBB004CBAC3 /* InfoPlist.strings */ = {
			isa = PBXVariantGroup;
			children = (
				52D0E58A180C6EBB004CBAC3 /* en */,
			);
			name = InfoPlist.strings;
			sourceTree = "<group>";
		};
/* End PBXVariantGroup section */

/* Begin XCBuildConfiguration section */
		52D0E58E180C6EBB004CBAC3 /* Debug */ = {
			isa = XCBuildConfiguration;
			buildSettings = {
				ALWAYS_SEARCH_USER_PATHS = NO;
				ARCHS = "$(ARCHS_STANDARD_INCLUDING_64_BIT)";
				CLANG_CXX_LANGUAGE_STANDARD = "gnu++0x";
				CLANG_CXX_LIBRARY = "libc++";
				CLANG_ENABLE_MODULES = YES;
				CLANG_ENABLE_OBJC_ARC = YES;
				CLANG_WARN_BOOL_CONVERSION = YES;
				CLANG_WARN_CONSTANT_CONVERSION = YES;
				CLANG_WARN_DIRECT_OBJC_ISA_USAGE = YES_ERROR;
				CLANG_WARN_EMPTY_BODY = YES;
				CLANG_WARN_ENUM_CONVERSION = YES;
				CLANG_WARN_INT_CONVERSION = YES;
				CLANG_WARN_OBJC_ROOT_CLASS = YES_ERROR;
				CLANG_WARN__DUPLICATE_METHOD_MATCH = YES;
				"CODE_SIGN_IDENTITY[sdk=iphoneos*]" = "iPhone Developer";
				COPY_PHASE_STRIP = NO;
				GCC_C_LANGUAGE_STANDARD = gnu99;
				GCC_DYNAMIC_NO_PIC = NO;
				GCC_OPTIMIZATION_LEVEL = 0;
				GCC_PREPROCESSOR_DEFINITIONS = (
					"DEBUG=1",
					"$(inherited)",
				);
				GCC_SYMBOLS_PRIVATE_EXTERN = NO;
				GCC_WARN_64_TO_32_BIT_CONVERSION = YES;
				GCC_WARN_ABOUT_RETURN_TYPE = YES_ERROR;
				GCC_WARN_UNDECLARED_SELECTOR = YES;
				GCC_WARN_UNINITIALIZED_AUTOS = YES;
				GCC_WARN_UNUSED_FUNCTION = YES;
				GCC_WARN_UNUSED_VARIABLE = YES;
				IPHONEOS_DEPLOYMENT_TARGET = 7.0;
				ONLY_ACTIVE_ARCH = YES;
				SDKROOT = iphoneos;
			};
			name = Debug;
		};
		52D0E58F180C6EBB004CBAC3 /* Release */ = {
			isa = XCBuildConfiguration;
			buildSettings = {
				ALWAYS_SEARCH_USER_PATHS = NO;
				ARCHS = "$(ARCHS_STANDARD_INCLUDING_64_BIT)";
				CLANG_CXX_LANGUAGE_STANDARD = "gnu++0x";
				CLANG_CXX_LIBRARY = "libc++";
				CLANG_ENABLE_MODULES = YES;
				CLANG_ENABLE_OBJC_ARC = YES;
				CLANG_WARN_BOOL_CONVERSION = YES;
				CLANG_WARN_CONSTANT_CONVERSION = YES;
				CLANG_WARN_DIRECT_OBJC_ISA_USAGE = YES_ERROR;
				CLANG_WARN_EMPTY_BODY = YES;
				CLANG_WARN_ENUM_CONVERSION = YES;
				CLANG_WARN_INT_CONVERSION = YES;
				CLANG_WARN_OBJC_ROOT_CLASS = YES_ERROR;
				CLANG_WARN__DUPLICATE_METHOD_MATCH = YES;
				"CODE_SIGN_IDENTITY[sdk=iphoneos*]" = "iPhone Developer";
				COPY_PHASE_STRIP = YES;
				ENABLE_NS_ASSERTIONS = NO;
				GCC_C_LANGUAGE_STANDARD = gnu99;
				GCC_WARN_64_TO_32_BIT_CONVERSION = YES;
				GCC_WARN_ABOUT_RETURN_TYPE = YES_ERROR;
				GCC_WARN_UNDECLARED_SELECTOR = YES;
				GCC_WARN_UNINITIALIZED_AUTOS = YES;
				GCC_WARN_UNUSED_FUNCTION = YES;
				GCC_WARN_UNUSED_VARIABLE = YES;
				IPHONEOS_DEPLOYMENT_TARGET = 7.0;
				SDKROOT = iphoneos;
				VALIDATE_PRODUCT = YES;
			};
			name = Release;
		};
		52D0E591180C6EBB004CBAC3 /* Debug */ = {
			isa = XCBuildConfiguration;
			buildSettings = {
				ASSETCATALOG_COMPILER_APPICON_NAME = AppIcon;
				ASSETCATALOG_COMPILER_LAUNCHIMAGE_NAME = LaunchImage;
				GCC_PRECOMPILE_PREFIX_HEADER = YES;
				GCC_PREFIX_HEADER = "Volume Testing/Volume Testing-Prefix.pch";
				INFOPLIST_FILE = "Volume Testing/Volume Testing-Info.plist";
				PRODUCT_NAME = "$(TARGET_NAME)";
				WRAPPER_EXTENSION = app;
			};
			name = Debug;
		};
		52D0E592180C6EBB004CBAC3 /* Release */ = {
			isa = XCBuildConfiguration;
			buildSettings = {
				ASSETCATALOG_COMPILER_APPICON_NAME = AppIcon;
				ASSETCATALOG_COMPILER_LAUNCHIMAGE_NAME = LaunchImage;
				GCC_PRECOMPILE_PREFIX_HEADER = YES;
				GCC_PREFIX_HEADER = "Volume Testing/Volume Testing-Prefix.pch";
				INFOPLIST_FILE = "Volume Testing/Volume Testing-Info.plist";
				PRODUCT_NAME = "$(TARGET_NAME)";
				WRAPPER_EXTENSION = app;
			};
			name = Release;
		};
		52D0E594180C6EBB004CBAC3 /* Debug */ = {
			isa = XCBuildConfiguration;
			buildSettings = {
				ARCHS = "$(ARCHS_STANDARD_INCLUDING_64_BIT)";
				BUNDLE_LOADER = "$(BUILT_PRODUCTS_DIR)/Volume Testing.app/Volume Testing";
				FRAMEWORK_SEARCH_PATHS = (
					"$(SDKROOT)/Developer/Library/Frameworks",
					"$(inherited)",
					"$(DEVELOPER_FRAMEWORKS_DIR)",
				);
				GCC_PRECOMPILE_PREFIX_HEADER = YES;
				GCC_PREFIX_HEADER = "Volume Testing/Volume Testing-Prefix.pch";
				GCC_PREPROCESSOR_DEFINITIONS = (
					"DEBUG=1",
					"$(inherited)",
				);
				INFOPLIST_FILE = "Volume TestingTests/Volume TestingTests-Info.plist";
				PRODUCT_NAME = "$(TARGET_NAME)";
				TEST_HOST = "$(BUNDLE_LOADER)";
				WRAPPER_EXTENSION = xctest;
			};
			name = Debug;
		};
		52D0E595180C6EBB004CBAC3 /* Release */ = {
			isa = XCBuildConfiguration;
			buildSettings = {
				ARCHS = "$(ARCHS_STANDARD_INCLUDING_64_BIT)";
				BUNDLE_LOADER = "$(BUILT_PRODUCTS_DIR)/Volume Testing.app/Volume Testing";
				FRAMEWORK_SEARCH_PATHS = (
					"$(SDKROOT)/Developer/Library/Frameworks",
					"$(inherited)",
					"$(DEVELOPER_FRAMEWORKS_DIR)",
				);
				GCC_PRECOMPILE_PREFIX_HEADER = YES;
				GCC_PREFIX_HEADER = "Volume Testing/Volume Testing-Prefix.pch";
				INFOPLIST_FILE = "Volume TestingTests/Volume TestingTests-Info.plist";
				PRODUCT_NAME = "$(TARGET_NAME)";
				TEST_HOST = "$(BUNDLE_LOADER)";
				WRAPPER_EXTENSION = xctest;
			};
			name = Release;
		};
/* End XCBuildConfiguration section */

/* Begin XCConfigurationList section */
		52D0E559180C6EBA004CBAC3 /* Build configuration list for PBXProject "Volume Testing" */ = {
			isa = XCConfigurationList;
			buildConfigurations = (
				52D0E58E180C6EBB004CBAC3 /* Debug */,
				52D0E58F180C6EBB004CBAC3 /* Release */,
			);
			defaultConfigurationIsVisible = 0;
			defaultConfigurationName = Release;
		};
		52D0E590180C6EBB004CBAC3 /* Build configuration list for PBXNativeTarget "Volume Testing" */ = {
			isa = XCConfigurationList;
			buildConfigurations = (
				52D0E591180C6EBB004CBAC3 /* Debug */,
				52D0E592180C6EBB004CBAC3 /* Release */,
			);
			defaultConfigurationIsVisible = 0;
			defaultConfigurationName = Release;
		};
		52D0E593180C6EBB004CBAC3 /* Build configuration list for PBXNativeTarget "Volume TestingTests" */ = {
			isa = XCConfigurationList;
			buildConfigurations = (
				52D0E594180C6EBB004CBAC3 /* Debug */,
				52D0E595180C6EBB004CBAC3 /* Release */,
			);
			defaultConfigurationIsVisible = 0;
			defaultConfigurationName = Release;
		};
/* End XCConfigurationList section */
	};
	rootObject = 52D0E556180C6EBA004CBAC3 /* Project object */;
}
